
Microsoft Visual Studio Solution File, Format Version 12.00
# Visual Studio Version 17
VisualStudioVersion = 17.13.35931.197
MinimumVisualStudioVersion = 10.0.40219.1
Project("{FAE04EC0-301F-11D3-BF4B-00C04F79EFBC}") = "FUNewsManagement_FE", "FUNewsManagement_FE\FUNewsManagement_FE.csproj", "{114CDE5F-6450-4948-AFB5-A220122F1A6C}"
EndProject
Global
	GlobalSection(SolutionConfigurationPlatforms) = preSolution
		Debug|Any CPU = Debug|Any CPU
		Release|Any CPU = Release|Any CPU
	EndGlobalSection
	GlobalSection(ProjectConfigurationPlatforms) = postSolution
		{114CDE5F-6450-4948-AFB5-A220122F1A6C}.Debug|Any CPU.ActiveCfg = Debug|Any CPU
		{114CDE5F-6450-4948-AFB5-A220122F1A6C}.Debug|Any CPU.Build.0 = Debug|Any CPU
		{114CDE5F-6450-4948-AFB5-A220122F1A6C}.Release|Any CPU.ActiveCfg = Release|Any CPU
		{114CDE5F-6450-4948-AFB5-A220122F1A6C}.Release|Any CPU.Build.0 = Release|Any CPU
	EndGlobalSection
	GlobalSection(SolutionProperties) = preSolution
		HideSolutionNode = FALSE
	EndGlobalSection
	GlobalSection(ExtensibilityGlobals) = postSolution
		SolutionGuid = {1B6CE86B-F8D1-4749-A689-96A8EDF9CEE3}
	EndGlobalSection
EndGlobal
